{
  "version": 4,
  "terraform_version": "1.14.7",
  "serial": 293,
  "lineage": "b7c6ff9d-5667-7c7e-5d01-6847eec3f494",
  "outputs": {
    "elasticsearch_domain_name": {
      "value": "aws-data-pipeline-es",
      "type": "string"
    },
    "elasticsearch_endpoint": {
      "value": "aws-data-pipeline-es.us-east-1.es.localhost.localstack.cloud:4566",
      "type": "string"
    },
    "eventbridge_s3_rule_name": {
      "value": "aws-data-pipeline-s3-upload-trigger",
      "type": "string"
    },
    "eventbridge_schedule_rule_name": {
      "value": "aws-data-pipeline-schedule",
      "type": "string"
    },
    "processed_bucket_name": {
      "value": "aws-data-pipeline-processed-data",
      "type": "string"
    },
    "raw_bucket_name": {
      "value": "aws-data-pipeline-raw-data",
      "type": "string"
    },
    "redshift_database_name": {
      "value": "pipeline_db",
      "type": "string"
    },
    "state_machine_arn": {
      "value": "arn:aws:states:us-east-1:000000000000:stateMachine:aws-data-pipeline-state-machine",
      "type": "string"
    },
    "state_machine_name": {
      "value": "aws-data-pipeline-state-machine",
      "type": "string"
    },
    "tracking_table_name": {
      "value": "aws-data-pipeline-tracking",
      "type": "string"
    },
    "transformer_function_name": {
      "value": "aws-data-pipeline-transformer",
      "type": "string"
    },
    "validator_function_name": {
      "value": "aws-data-pipeline-validator",
      "type": "string"
    }
  },
  "resources": [
    {
      "mode": "data",
      "type": "archive_file",
      "name": "transformer_zip",
      "provider": "provider[\"registry.terraform.io/hashicorp/archive\"]",
      "instances": [
        {
          "schema_version": 0,
          "attributes": {
            "exclude_symlink_directories": null,
            "excludes": null,
            "id": "3d9acb0e81bddc911d3b7e5066a9de6dea93189f",
            "output_base64sha256": "UG/yNI2O3DGuvBeejNCP5zaLYQI01rOMAcy77kmaHfQ=",
            "output_base64sha512": "a3ZW7MpXwM+PDhsT7R4jiLgoZgVV6vwmzp2q3b8T2ihSyeUE2BgCe+dxy80oGizY5gKTTxu+rp64QtXrWbu7bw==",
            "output_file_mode": null,
            "output_md5": "c83c6386632352ddba85ae597ece1f5c",
            "output_path": "./../lambdas/transformer/transformer.zip",
            "output_sha": "3d9acb0e81bddc911d3b7e5066a9de6dea93189f",
            "output_sha256": "506ff2348d8edc31aebc179e8cd08fe7368b610234d6b38c01ccbbee499a1df4",
            "output_sha512": "6b7656ecca57c0cf8f0e1b13ed1e2388b828660555eafc26ce9daaddbf13da2852c9e504d818027be771cbcd281a2cd8e602934f1bbeae9eb842d5eb59bbbb6f",
            "output_size": 2776,
            "source": [],
            "source_content": null,
            "source_content_filename": null,
            "source_dir": null,
            "source_file": "./../lambdas/transformer/handler.py",
            "type": "zip"
          },
          "sensitive_attributes": [],
          "identity_schema_version": 0
        }
      ]
    },
    {
      "mode": "data",
      "type": "archive_file",
      "name": "validator_zip",
      "provider": "provider[\"registry.terraform.io/hashicorp/archive\"]",
      "instances": [
        {
          "schema_version": 0,
          "attributes": {
            "exclude_symlink_directories": null,
            "excludes": null,
            "id": "c0a70bcbe9a09dcb7f5ab89a58a82381e64d8a61",
            "output_base64sha256": "9LIgIW3TCd0ZABV7BJ6D54z+Kyus7WFIUZpiThfW7Xc=",
            "output_base64sha512": "TGeIf8m/p9dCdHJbPtSK7G9hCiRhyqcRW+C0rOOrkkBp85DVEI1GnxwWFuiYNB7b9gWxCRcF4e0dXlPWjyx3gA==",
            "output_file_mode": null,
            "output_md5": "26305a089ff1700638aebeddad3cac5f",
            "output_path": "./../lambdas/validator/validator.zip",
            "output_sha": "c0a70bcbe9a09dcb7f5ab89a58a82381e64d8a61",
            "output_sha256": "f4b220216dd309dd1900157b049e83e78cfe2b2baced6148519a624e17d6ed77",
            "output_sha512": "4c67887fc9bfa7d74274725b3ed48aec6f610a2461caa7115be0b4ace3ab924069f390d5108d469f1c1616e898341edbf605b1091705e1ed1d5e53d68f2c7780",
            "output_size": 2119,
            "source": [],
            "source_content": null,
            "source_content_filename": null,
            "source_dir": null,
            "source_file": "./../lambdas/validator/handler.py",
            "type": "zip"
          },
          "sensitive_attributes": [],
          "identity_schema_version": 0
        }
      ]
    },
    {
      "mode": "managed",
      "type": "aws_cloudwatch_event_rule",
      "name": "pipeline_schedule",
      "provider": "provider[\"registry.terraform.io/hashicorp/aws\"]",
      "instances": [
        {
          "schema_version": 1,
          "attributes": {
            "arn": "arn:aws:events:us-east-1:000000000000:rule/aws-data-pipeline-schedule",
            "description": "Trigger the data pipeline every hour",
            "event_bus_name": "default",
            "event_pattern": null,
            "force_destroy": false,
            "id": "aws-data-pipeline-schedule",
            "is_enabled": true,
            "name": "aws-data-pipeline-schedule",
            "name_prefix": "",
            "role_arn": "",
            "schedule_expression": "rate(1 minute)",
            "state": "ENABLED",
            "tags": {
              "Environment": "local",
              "Name": "aws-data-pipeline-schedule"
            },
            "tags_all": {
              "Environment": "local",
              "Name": "aws-data-pipeline-schedule"
            }
          },
          "sensitive_attributes": [],
          "identity_schema_version": 0,
          "private": "eyJzY2hlbWFfdmVyc2lvbiI6IjEifQ=="
        }
      ]
    },
    {
      "mode": "managed",
      "type": "aws_cloudwatch_event_rule",
      "name": "s3_upload_trigger",
      "provider": "provider[\"registry.terraform.io/hashicorp/aws\"]",
      "instances": [
        {
          "schema_version": 1,
          "attributes": {
            "arn": "arn:aws:events:us-east-1:000000000000:rule/aws-data-pipeline-s3-upload-trigger",
            "description": "Trigger the data pipeline when a file is uploaded to S3",
            "event_bus_name": "default",
            "event_pattern": "{\"detail\":{\"bucket\":{\"name\":[\"aws-data-pipeline-raw-data\"]}},\"detail-type\":[\"Object Created\"],\"source\":[\"aws.s3\"]}",
            "force_destroy": false,
            "id": "aws-data-pipeline-s3-upload-trigger",
            "is_enabled": true,
            "name": "aws-data-pipeline-s3-upload-trigger",
            "name_prefix": "",
            "role_arn": "",
            "schedule_expression": "",
            "state": "ENABLED",
            "tags": {
              "Environment": "local",
              "Name": "aws-data-pipeline-s3-upload-trigger"
            },
            "tags_all": {
              "Environment": "local",
              "Name": "aws-data-pipeline-s3-upload-trigger"
            }
          },
          "sensitive_attributes": [],
          "identity_schema_version": 0,
          "private": "eyJzY2hlbWFfdmVyc2lvbiI6IjEifQ==",
          "dependencies": [
            "aws_s3_bucket.raw"
          ]
        }
      ]
    },
    {
      "mode": "managed",
      "type": "aws_cloudwatch_event_target",
      "name": "start_pipeline_on_schedule",
      "provider": "provider[\"registry.terraform.io/hashicorp/aws\"]",
      "instances": [
        {
          "schema_version": 1,
          "attributes": {
            "appsync_target": [],
            "arn": "arn:aws:states:us-east-1:000000000000:stateMachine:aws-data-pipeline-state-machine",
            "batch_target": [],
            "dead_letter_config": [],
            "ecs_target": [],
            "event_bus_name": "default",
            "force_destroy": false,
            "http_target": [],
            "id": "aws-data-pipeline-schedule-terraform-20260315105017592100000002",
            "input": "{\"bucket\":\"aws-data-pipeline-raw-data\",\"id\":\"schedule-trigger\",\"key\":\"test_data.csv\"}",
            "input_path": "",
            "input_transformer": [],
            "kinesis_target": [],
            "redshift_target": [],
            "retry_policy": [],
            "role_arn": "arn:aws:iam::000000000000:role/aws-data-pipeline-eventbridge-exec-role",
            "rule": "aws-data-pipeline-schedule",
            "run_command_targets": [],
            "sagemaker_pipeline_target": [],
            "sqs_target": [],
            "target_id": "terraform-20260315105017592100000002"
          },
          "sensitive_attributes": [],
          "identity_schema_version": 0,
          "private": "eyJzY2hlbWFfdmVyc2lvbiI6IjEifQ==",
          "dependencies": [
            "aws_cloudwatch_event_rule.pipeline_schedule",
            "aws_dynamodb_table.pipeline_tracking",
            "aws_iam_role.eventbridge_exec",
            "aws_iam_role.lambda_exec",
            "aws_iam_role.sfn_exec",
            "aws_lambda_function.transformer",
            "aws_lambda_function.validator",
            "aws_s3_bucket.raw",
            "aws_sfn_state_machine.pipeline",
            "data.archive_file.transformer_zip",
            "data.archive_file.validator_zip"
          ]
        }
      ]
    },
    {
      "mode": "managed",
      "type": "aws_cloudwatch_event_target",
      "name": "start_pipeline_on_upload",
      "provider": "provider[\"registry.terraform.io/hashicorp/aws\"]",
      "instances": [
        {
          "schema_version": 1,
          "attributes": {
            "appsync_target": [],
            "arn": "arn:aws:states:us-east-1:000000000000:stateMachine:aws-data-pipeline-state-machine",
            "batch_target": [],
            "dead_letter_config": [],
            "ecs_target": [],
            "event_bus_name": "default",
            "force_destroy": false,
            "http_target": [],
            "id": "aws-data-pipeline-s3-upload-trigger-terraform-20260315105017592000000001",
            "input": "",
            "input_path": "",
            "input_transformer": [
              {
                "input_paths": {
                  "event_id": "$.id",
                  "s3_bucket": "$.detail.bucket.name",
                  "s3_key": "$.detail.object.key"
                },
                "input_template": "{\n  \"id\": \u003cevent_id\u003e,\n  \"bucket\": \u003cs3_bucket\u003e,\n  \"key\": \u003cs3_key\u003e\n}\n"
              }
            ],
            "kinesis_target": [],
            "redshift_target": [],
            "retry_policy": [],
            "role_arn": "arn:aws:iam::000000000000:role/aws-data-pipeline-eventbridge-exec-role",
            "rule": "aws-data-pipeline-s3-upload-trigger",
            "run_command_targets": [],
            "sagemaker_pipeline_target": [],
            "sqs_target": [],
            "target_id": "terraform-20260315105017592000000001"
          },
          "sensitive_attributes": [],
          "identity_schema_version": 0,
          "private": "eyJzY2hlbWFfdmVyc2lvbiI6IjEifQ==",
          "dependencies": [
            "aws_cloudwatch_event_rule.s3_upload_trigger",
            "aws_dynamodb_table.pipeline_tracking",
            "aws_iam_role.eventbridge_exec",
            "aws_iam_role.lambda_exec",
            "aws_iam_role.sfn_exec",
            "aws_lambda_function.transformer",
            "aws_lambda_function.validator",
            "aws_s3_bucket.raw",
            "aws_sfn_state_machine.pipeline",
            "data.archive_file.transformer_zip",
            "data.archive_file.validator_zip"
          ]
        }
      ]
    },
    {
      "mode": "managed",
      "type": "aws_dynamodb_table",
      "name": "pipeline_tracking",
      "provider": "provider[\"registry.terraform.io/hashicorp/aws\"]",
      "instances": [
        {
          "schema_version": 1,
          "attributes": {
            "arn": "arn:aws:dynamodb:us-east-1:000000000000:table/aws-data-pipeline-tracking",
            "attribute": [
              {
                "name": "file_name",
                "type": "S"
              },
              {
                "name": "run_id",
                "type": "S"
              }
            ],
            "billing_mode": "PAY_PER_REQUEST",
            "deletion_protection_enabled": false,
            "global_secondary_index": [
              {
                "hash_key": "file_name",
                "name": "FileNameIndex",
                "non_key_attributes": [],
                "on_demand_throughput": [],
                "projection_type": "ALL",
                "range_key": "",
                "read_capacity": 0,
                "write_capacity": 0
              }
            ],
            "hash_key": "run_id",
            "id": "aws-data-pipeline-tracking",
            "import_table": [],
            "local_secondary_index": [],
            "name": "aws-data-pipeline-tracking",
            "on_demand_throughput": [],
            "point_in_time_recovery": [
              {
                "enabled": false,
                "recovery_period_in_days": 0
              }
            ],
            "range_key": null,
            "read_capacity": 0,
            "replica": [],
            "restore_date_time": null,
            "restore_source_name": null,
            "restore_source_table_arn": null,
            "restore_to_latest_time": null,
            "server_side_encryption": [],
            "stream_arn": "",
            "stream_enabled": false,
            "stream_label": "",
            "stream_view_type": "",
            "table_class": "STANDARD",
            "tags": {
              "Environment": "local",
              "Name": "aws-data-pipeline-tracking",
              "Purpose": "Tracks every pipeline run — status, timestamps, record counts"
            },
            "tags_all": {
              "Environment": "local",
              "Name": "aws-data-pipeline-tracking",
              "Purpose": "Tracks every pipeline run — status, timestamps, record counts"
            },
            "timeouts": null,
            "ttl": [
              {
                "attribute_name": "",
                "enabled": false
              }
            ],
            "write_capacity": 0
          },
          "sensitive_attributes": [],
          "identity_schema_version": 0,
          "private": "eyJlMmJmYjczMC1lY2FhLTExZTYtOGY4OC0zNDM2M2JjN2M0YzAiOnsiY3JlYXRlIjoxODAwMDAwMDAwMDAwLCJkZWxldGUiOjYwMDAwMDAwMDAwMCwidXBkYXRlIjozNjAwMDAwMDAwMDAwfSwic2NoZW1hX3ZlcnNpb24iOiIxIn0="
        }
      ]
    },
    {
      "mode": "managed",
      "type": "aws_elasticsearch_domain",
      "name": "pipeline_es",
      "provider": "provider[\"registry.terraform.io/hashicorp/aws\"]",
      "instances": [
        {
          "schema_version": 0,
          "attributes": {
            "access_policies": null,
            "advanced_options": {},
            "advanced_security_options": [
              {
                "enabled": false,
                "internal_user_database_enabled": false,
                "master_user_options": []
              }
            ],
            "arn": "arn:aws:es:us-east-1:000000000000:domain/aws-data-pipeline-es",
            "auto_tune_options": [
              {
                "desired_state": "ENABLED",
                "maintenance_schedule": [],
                "rollback_on_disable": "NO_ROLLBACK"
              }
            ],
            "cluster_config": [
              {
                "cold_storage_options": [
                  {
                    "enabled": false
                  }
                ],
                "dedicated_master_count": 1,
                "dedicated_master_enabled": false,
                "dedicated_master_type": "m3.medium.elasticsearch",
                "instance_count": 1,
                "instance_type": "t3.small.elasticsearch",
                "warm_count": 0,
                "warm_enabled": false,
                "warm_type": "",
                "zone_awareness_config": [],
                "zone_awareness_enabled": false
              }
            ],
            "cognito_options": [
              {
                "enabled": false,
                "identity_pool_id": "",
                "role_arn": "",
                "user_pool_id": ""
              }
            ],
            "domain_endpoint_options": [
              {
                "custom_endpoint": "",
                "custom_endpoint_certificate_arn": "",
                "custom_endpoint_enabled": false,
                "enforce_https": false,
                "tls_security_policy": "Policy-Min-TLS-1-0-2019-07"
              }
            ],
            "domain_id": "000000000000/aws-data-pipeline-es",
            "domain_name": "aws-data-pipeline-es",
            "ebs_options": [
              {
                "ebs_enabled": true,
                "iops": 0,
                "throughput": 0,
                "volume_size": 10,
                "volume_type": "gp2"
              }
            ],
            "elasticsearch_version": "7.10",
            "encrypt_at_rest": [
              {
                "enabled": false,
                "kms_key_id": ""
              }
            ],
            "endpoint": "aws-data-pipeline-es.us-east-1.es.localhost.localstack.cloud:4566",
            "id": "arn:aws:es:us-east-1:000000000000:domain/aws-data-pipeline-es",
            "kibana_endpoint": "aws-data-pipeline-es.us-east-1.es.localhost.localstack.cloud:4566/_plugin/kibana/",
            "log_publishing_options": [],
            "node_to_node_encryption": [
              {
                "enabled": false
              }
            ],
            "snapshot_options": [
              {
                "automated_snapshot_start_hour": 0
              }
            ],
            "tags": {
              "Environment": "local",
              "Name": "aws-data-pipeline-es",
              "Purpose": "Index and search processed pipeline data"
            },
            "tags_all": {
              "Environment": "local",
              "Name": "aws-data-pipeline-es",
              "Purpose": "Index and search processed pipeline data"
            },
            "timeouts": null,
            "vpc_options": []
          },
          "sensitive_attributes": [],
          "identity_schema_version": 0,
          "private": "eyJlMmJmYjczMC1lY2FhLTExZTYtOGY4OC0zNDM2M2JjN2M0YzAiOnsiY3JlYXRlIjozNjAwMDAwMDAwMDAwLCJkZWxldGUiOjU0MDAwMDAwMDAwMDAsInVwZGF0ZSI6MzYwMDAwMDAwMDAwMH19"
        }
      ]
    },
    {
      "mode": "managed",
      "type": "aws_elasticsearch_domain_policy",
      "name": "pipeline_es_policy",
      "provider": "provider[\"registry.terraform.io/hashicorp/aws\"]",
      "instances": [
        {
          "schema_version": 0,
          "attributes": {
            "access_policies": "{\"Statement\":[{\"Action\":\"es:*\",\"Effect\":\"Allow\",\"Principal\":{\"AWS\":\"*\"},\"Resource\":\"arn:aws:es:us-east-1:000000000000:domain/aws-data-pipeline-es/*\"}],\"Version\":\"2012-10-17\"}",
            "domain_name": "aws-data-pipeline-es",
            "id": "esd-policy-aws-data-pipeline-es",
            "timeouts": null
          },
          "sensitive_attributes": [],
          "identity_schema_version": 0,
          "private": "eyJlMmJmYjczMC1lY2FhLTExZTYtOGY4OC0zNDM2M2JjN2M0YzAiOnsiZGVsZXRlIjozNjAwMDAwMDAwMDAwLCJ1cGRhdGUiOjM2MDAwMDAwMDAwMDB9fQ==",
          "dependencies": [
            "aws_elasticsearch_domain.pipeline_es"
          ]
        }
      ]
    },
    {
      "mode": "managed",
      "type": "aws_iam_role",
      "name": "eventbridge_exec",
      "provider": "provider[\"registry.terraform.io/hashicorp/aws\"]",
      "instances": [
        {
          "schema_version": 0,
          "attributes": {
            "arn": "arn:aws:iam::000000000000:role/aws-data-pipeline-eventbridge-exec-role",
            "assume_role_policy": "{\"Statement\":[{\"Action\":\"sts:AssumeRole\",\"Effect\":\"Allow\",\"Principal\":{\"Service\":\"events.amazonaws.com\"}}],\"Version\":\"2012-10-17\"}",
            "create_date": "2026-03-15T10:47:43Z",
            "description": "",
            "force_detach_policies": false,
            "id": "aws-data-pipeline-eventbridge-exec-role",
            "inline_policy": [],
            "managed_policy_arns": [],
            "max_session_duration": 3600,
            "name": "aws-data-pipeline-eventbridge-exec-role",
            "name_prefix": "",
            "path": "/",
            "permissions_boundary": "",
            "tags": {
              "Environment": "local",
              "Name": "aws-data-pipeline-eventbridge-exec-role"
            },
            "tags_all": {
              "Environment": "local",
              "Name": "aws-data-pipeline-eventbridge-exec-role"
            },
            "unique_id": "AROAQAAAAAAAKNQS3UD3Y"
          },
          "sensitive_attributes": [],
          "identity_schema_version": 0,
          "private": "bnVsbA=="
        }
      ]
    },
    {
      "mode": "managed",
      "type": "aws_iam_role",
      "name": "firehose_exec",
      "provider": "provider[\"registry.terraform.io/hashicorp/aws\"]",
      "instances": [
        {
          "schema_version": 0,
          "attributes": {
            "arn": "arn:aws:iam::000000000000:role/aws-data-pipeline-firehose-exec-role",
            "assume_role_policy": "{\"Statement\":[{\"Action\":\"sts:AssumeRole\",\"Effect\":\"Allow\",\"Principal\":{\"Service\":\"firehose.amazonaws.com\"}}],\"Version\":\"2012-10-17\"}",
            "create_date": "2026-03-15T10:47:43Z",
            "description": "",
            "force_detach_policies": false,
            "id": "aws-data-pipeline-firehose-exec-role",
            "inline_policy": [],
            "managed_policy_arns": [],
            "max_session_duration": 3600,
            "name": "aws-data-pipeline-firehose-exec-role",
            "name_prefix": "",
            "path": "/",
            "permissions_boundary": "",
            "tags": null,
            "tags_all": {},
            "unique_id": "AROAQAAAAAAAA3OI7SROJ"
          },
          "sensitive_attributes": [],
          "identity_schema_version": 0,
          "private": "bnVsbA=="
        }
      ]
    },
    {
      "mode": "managed",
      "type": "aws_iam_role",
      "name": "lambda_exec",
      "provider": "provider[\"registry.terraform.io/hashicorp/aws\"]",
      "instances": [
        {
          "schema_version": 0,
          "attributes": {
            "arn": "arn:aws:iam::000000000000:role/aws-data-pipeline-lambda-exec-role",
            "assume_role_policy": "{\"Statement\":[{\"Action\":\"sts:AssumeRole\",\"Effect\":\"Allow\",\"Principal\":{\"Service\":\"lambda.amazonaws.com\"}}],\"Version\":\"2012-10-17\"}",
            "create_date": "2026-03-15T10:47:43Z",
            "description": "",
            "force_detach_policies": false,
            "id": "aws-data-pipeline-lambda-exec-role",
            "inline_policy": [],
            "managed_policy_arns": [],
            "max_session_duration": 3600,
            "name": "aws-data-pipeline-lambda-exec-role",
            "name_prefix": "",
            "path": "/",
            "permissions_boundary": "",
            "tags": {
              "Environment": "local",
              "Name": "aws-data-pipeline-lambda-exec-role"
            },
            "tags_all": {
              "Environment": "local",
              "Name": "aws-data-pipeline-lambda-exec-role"
            },
            "unique_id": "AROAQAAAAAAABEPDZZ7D3"
          },
          "sensitive_attributes": [],
          "identity_schema_version": 0,
          "private": "bnVsbA=="
        }
      ]
    },
    {
      "mode": "managed",
      "type": "aws_iam_role",
      "name": "sfn_exec",
      "provider": "provider[\"registry.terraform.io/hashicorp/aws\"]",
      "instances": [
        {
          "schema_version": 0,
          "attributes": {
            "arn": "arn:aws:iam::000000000000:role/aws-data-pipeline-sfn-exec-role",
            "assume_role_policy": "{\"Statement\":[{\"Action\":\"sts:AssumeRole\",\"Effect\":\"Allow\",\"Principal\":{\"Service\":\"states.amazonaws.com\"}}],\"Version\":\"2012-10-17\"}",
            "create_date": "2026-03-15T10:47:43Z",
            "description": "",
            "force_detach_policies": false,
            "id": "aws-data-pipeline-sfn-exec-role",
            "inline_policy": [],
            "managed_policy_arns": [],
            "max_session_duration": 3600,
            "name": "aws-data-pipeline-sfn-exec-role",
            "name_prefix": "",
            "path": "/",
            "permissions_boundary": "",
            "tags": {
              "Environment": "local",
              "Name": "aws-data-pipeline-sfn-exec-role"
            },
            "tags_all": {
              "Environment": "local",
              "Name": "aws-data-pipeline-sfn-exec-role"
            },
            "unique_id": "AROAQAAAAAAACHZJHCF3U"
          },
          "sensitive_attributes": [],
          "identity_schema_version": 0,
          "private": "bnVsbA=="
        }
      ]
    },
    {
      "mode": "managed",
      "type": "aws_iam_role_policy",
      "name": "eventbridge_policy",
      "provider": "provider[\"registry.terraform.io/hashicorp/aws\"]",
      "instances": [
        {
          "schema_version": 0,
          "attributes": {
            "id": "aws-data-pipeline-eventbridge-exec-role:aws-data-pipeline-eventbridge-policy",
            "name": "aws-data-pipeline-eventbridge-policy",
            "name_prefix": "",
            "policy": "{\"Version\":\"2012-10-17\",\"Statement\":[{\"Action\":\"states:StartExecution\",\"Effect\":\"Allow\",\"Resource\":\"arn:aws:states:us-east-1:000000000000:stateMachine:aws-data-pipeline-state-machine\"}]}",
            "role": "aws-data-pipeline-eventbridge-exec-role"
          },
          "sensitive_attributes": [],
          "identity_schema_version": 0,
          "private": "bnVsbA==",
          "dependencies": [
            "aws_dynamodb_table.pipeline_tracking",
            "aws_iam_role.eventbridge_exec",
            "aws_iam_role.lambda_exec",
            "aws_iam_role.sfn_exec",
            "aws_lambda_function.transformer",
            "aws_lambda_function.validator",
            "aws_sfn_state_machine.pipeline",
            "data.archive_file.transformer_zip",
            "data.archive_file.validator_zip"
          ]
        }
      ]
    },
    {
      "mode": "managed",
      "type": "aws_iam_role_policy",
      "name": "firehose_policy",
      "provider": "provider[\"registry.terraform.io/hashicorp/aws\"]",
      "instances": [
        {
          "schema_version": 0,
          "attributes": {
            "id": "aws-data-pipeline-firehose-exec-role:aws-data-pipeline-firehose-policy",
            "name": "aws-data-pipeline-firehose-policy",
            "name_prefix": "",
            "policy": "{\"Version\":\"2012-10-17\",\"Statement\":[{\"Action\":[\"s3:AbortMultipartUpload\",\"s3:GetBucketLocation\",\"s3:GetObject\",\"s3:ListBucket\",\"s3:ListBucketMultipartUploads\",\"s3:PutObject\"],\"Effect\":\"Allow\",\"Resource\":[\"arn:aws:s3:::aws-data-pipeline-processed-data\",\"arn:aws:s3:::aws-data-pipeline-processed-data/*\"]},{\"Action\":[\"kinesis:DescribeStream\",\"kinesis:GetShardIterator\",\"kinesis:GetRecords\",\"kinesis:ListShards\"],\"Effect\":\"Allow\",\"Resource\":\"arn:aws:kinesis:us-east-1:000000000000:stream/aws-data-pipeline-stream\"}]}",
            "role": "aws-data-pipeline-firehose-exec-role"
          },
          "sensitive_attributes": [],
          "identity_schema_version": 0,
          "private": "bnVsbA==",
          "dependencies": [
            "aws_iam_role.firehose_exec",
            "aws_kinesis_stream.pipeline_stream",
            "aws_s3_bucket.processed"
          ]
        }
      ]
    },
    {
      "mode": "managed",
      "type": "aws_iam_role_policy",
      "name": "lambda_policy",
      "provider": "provider[\"registry.terraform.io/hashicorp/aws\"]",
      "instances": [
        {
          "schema_version": 0,
          "attributes": {
            "id": "aws-data-pipeline-lambda-exec-role:aws-data-pipeline-lambda-policy",
            "name": "aws-data-pipeline-lambda-policy",
            "name_prefix": "",
            "policy": "{\"Version\":\"2012-10-17\",\"Statement\":[{\"Action\":[\"logs:CreateLogGroup\",\"logs:CreateLogStream\",\"logs:PutLogEvents\"],\"Effect\":\"Allow\",\"Resource\":\"arn:aws:logs:*:*:*\"},{\"Action\":[\"s3:GetObject\",\"s3:HeadObject\"],\"Effect\":\"Allow\",\"Resource\":\"arn:aws:s3:::aws-data-pipeline-raw-data/*\"},{\"Action\":[\"s3:PutObject\"],\"Effect\":\"Allow\",\"Resource\":\"arn:aws:s3:::aws-data-pipeline-processed-data/*\"},{\"Action\":[\"dynamodb:PutItem\",\"dynamodb:UpdateItem\",\"dynamodb:GetItem\"],\"Effect\":\"Allow\",\"Resource\":\"arn:aws:dynamodb:us-east-1:000000000000:table/aws-data-pipeline-tracking\"},{\"Action\":[\"kinesis:PutRecord\",\"kinesis:PutRecords\"],\"Effect\":\"Allow\",\"Resource\":\"arn:aws:kinesis:us-east-1:000000000000:stream/aws-data-pipeline-stream\"}]}",
            "role": "aws-data-pipeline-lambda-exec-role"
          },
          "sensitive_attributes": [],
          "identity_schema_version": 0,
          "private": "bnVsbA==",
          "dependencies": [
            "aws_dynamodb_table.pipeline_tracking",
            "aws_iam_role.lambda_exec"
          ]
        }
      ]
    },
    {
      "mode": "managed",
      "type": "aws_iam_role_policy",
      "name": "sfn_policy",
      "provider": "provider[\"registry.terraform.io/hashicorp/aws\"]",
      "instances": [
        {
          "schema_version": 0,
          "attributes": {
            "id": "aws-data-pipeline-sfn-exec-role:aws-data-pipeline-sfn-policy",
            "name": "aws-data-pipeline-sfn-policy",
            "name_prefix": "",
            "policy": "{\"Version\":\"2012-10-17\",\"Statement\":[{\"Action\":\"lambda:InvokeFunction\",\"Effect\":\"Allow\",\"Resource\":[\"arn:aws:lambda:us-east-1:000000000000:function:aws-data-pipeline-validator\",\"arn:aws:lambda:us-east-1:000000000000:function:aws-data-pipeline-transformer\"]}]}",
            "role": "aws-data-pipeline-sfn-exec-role"
          },
          "sensitive_attributes": [],
          "identity_schema_version": 0,
          "private": "bnVsbA==",
          "dependencies": [
            "aws_dynamodb_table.pipeline_tracking",
            "aws_iam_role.lambda_exec",
            "aws_iam_role.sfn_exec",
            "aws_lambda_function.transformer",
            "aws_lambda_function.validator",
            "data.archive_file.transformer_zip",
            "data.archive_file.validator_zip"
          ]
        }
      ]
    },
    {
      "mode": "managed",
      "type": "aws_kinesis_firehose_delivery_stream",
      "name": "s3_archive",
      "provider": "provider[\"registry.terraform.io/hashicorp/aws\"]",
      "instances": [
        {
          "schema_version": 1,
          "attributes": {
            "arn": "arn:aws:firehose:us-east-1:000000000000:deliverystream/aws-data-pipeline-firehose",
            "destination": "extended_s3",
            "destination_id": "d451cdfd",
            "elasticsearch_configuration": [],
            "extended_s3_configuration": [
              {
                "bucket_arn": "arn:aws:s3:::aws-data-pipeline-processed-data",
                "buffering_interval": 300,
                "buffering_size": 5,
                "cloudwatch_logging_options": [],
                "compression_format": "UNCOMPRESSED",
                "custom_time_zone": "UTC",
                "data_format_conversion_configuration": [],
                "dynamic_partitioning_configuration": [],
                "error_output_prefix": "",
                "file_extension": "",
                "kms_key_arn": "",
                "prefix": "archive/",
                "processing_configuration": [
                  {
                    "enabled": false,
                    "processors": []
                  }
                ],
                "role_arn": "arn:aws:iam::000000000000:role/aws-data-pipeline-firehose-exec-role",
                "s3_backup_configuration": [],
                "s3_backup_mode": "Disabled"
              }
            ],
            "http_endpoint_configuration": [],
            "iceberg_configuration": [],
            "id": "arn:aws:firehose:us-east-1:000000000000:deliverystream/aws-data-pipeline-firehose",
            "kinesis_source_configuration": [
              {
                "kinesis_stream_arn": "arn:aws:kinesis:us-east-1:000000000000:stream/aws-data-pipeline-stream",
                "role_arn": "arn:aws:iam::000000000000:role/aws-data-pipeline-firehose-exec-role"
              }
            ],
            "msk_source_configuration": [],
            "name": "aws-data-pipeline-firehose",
            "opensearch_configuration": [],
            "opensearchserverless_configuration": [],
            "redshift_configuration": [],
            "server_side_encryption": [
              {
                "enabled": false,
                "key_arn": "",
                "key_type": "AWS_OWNED_CMK"
              }
            ],
            "snowflake_configuration": [],
            "splunk_configuration": [],
            "tags": null,
            "tags_all": {},
            "timeouts": null,
            "version_id": "1"
          },
          "sensitive_attributes": [],
          "identity_schema_version": 0,
          "private": "eyJlMmJmYjczMC1lY2FhLTExZTYtOGY4OC0zNDM2M2JjN2M0YzAiOnsiY3JlYXRlIjoxODAwMDAwMDAwMDAwLCJkZWxldGUiOjE4MDAwMDAwMDAwMDAsInVwZGF0ZSI6NjAwMDAwMDAwMDAwfSwic2NoZW1hX3ZlcnNpb24iOiIxIn0=",
          "dependencies": [
            "aws_iam_role.firehose_exec",
            "aws_kinesis_stream.pipeline_stream",
            "aws_s3_bucket.processed"
          ]
        }
      ]
    },
    {
      "mode": "managed",
      "type": "aws_kinesis_stream",
      "name": "pipeline_stream",
      "provider": "provider[\"registry.terraform.io/hashicorp/aws\"]",
      "instances": [
        {
          "schema_version": 1,
          "attributes": {
            "arn": "arn:aws:kinesis:us-east-1:000000000000:stream/aws-data-pipeline-stream",
            "encryption_type": "NONE",
            "enforce_consumer_deletion": false,
            "id": "arn:aws:kinesis:us-east-1:000000000000:stream/aws-data-pipeline-stream",
            "kms_key_id": "",
            "name": "aws-data-pipeline-stream",
            "retention_period": 24,
            "shard_count": 1,
            "shard_level_metrics": null,
            "stream_mode_details": [
              {
                "stream_mode": "PROVISIONED"
              }
            ],
            "tags": {},
            "tags_all": {},
            "timeouts": null
          },
          "sensitive_attributes": [],
          "identity_schema_version": 0,
          "private": "eyJlMmJmYjczMC1lY2FhLTExZTYtOGY4OC0zNDM2M2JjN2M0YzAiOnsiY3JlYXRlIjozMDAwMDAwMDAwMDAsImRlbGV0ZSI6NzIwMDAwMDAwMDAwMCwidXBkYXRlIjo3MjAwMDAwMDAwMDAwfSwic2NoZW1hX3ZlcnNpb24iOiIxIn0="
        }
      ]
    },
    {
      "mode": "managed",
      "type": "aws_lambda_function",
      "name": "transformer",
      "provider": "provider[\"registry.terraform.io/hashicorp/aws\"]",
      "instances": [
        {
          "schema_version": 0,
          "attributes": {
            "architectures": [
              "x86_64"
            ],
            "arn": "arn:aws:lambda:us-east-1:000000000000:function:aws-data-pipeline-transformer",
            "code_sha256": "UG/yNI2O3DGuvBeejNCP5zaLYQI01rOMAcy77kmaHfQ=",
            "code_signing_config_arn": "",
            "dead_letter_config": [],
            "description": "",
            "environment": [
              {
                "variables": {
                  "AWS_ENDPOINT_URL": "http://172.17.0.2:4566",
                  "KINESIS_STREAM": "aws-data-pipeline-stream",
                  "PROCESSED_BUCKET": "aws-data-pipeline-processed-data",
                  "TRACKING_TABLE": "aws-data-pipeline-tracking"
                }
              }
            ],
            "ephemeral_storage": [
              {
                "size": 512
              }
            ],
            "file_system_config": [],
            "filename": "./../lambdas/transformer/transformer.zip",
            "function_name": "aws-data-pipeline-transformer",
            "handler": "handler.lambda_handler",
            "id": "aws-data-pipeline-transformer",
            "image_config": [],
            "image_uri": "",
            "invoke_arn": "arn:aws:apigateway:us-east-1:lambda:path/2015-03-31/functions/arn:aws:lambda:us-east-1:000000000000:function:aws-data-pipeline-transformer/invocations",
            "kms_key_arn": "",
            "last_modified": "2026-03-15T10:50:12.464353+0000",
            "layers": null,
            "logging_config": [
              {
                "application_log_level": "",
                "log_format": "Text",
                "log_group": "/aws/lambda/aws-data-pipeline-transformer",
                "system_log_level": ""
              }
            ],
            "memory_size": 128,
            "package_type": "Zip",
            "publish": false,
            "qualified_arn": "arn:aws:lambda:us-east-1:000000000000:function:aws-data-pipeline-transformer:$LATEST",
            "qualified_invoke_arn": "arn:aws:apigateway:us-east-1:lambda:path/2015-03-31/functions/arn:aws:lambda:us-east-1:000000000000:function:aws-data-pipeline-transformer:$LATEST/invocations",
            "replace_security_groups_on_destroy": null,
            "replacement_security_group_ids": null,
            "reserved_concurrent_executions": -1,
            "role": "arn:aws:iam::000000000000:role/aws-data-pipeline-lambda-exec-role",
            "runtime": "python3.9",
            "s3_bucket": null,
            "s3_key": null,
            "s3_object_version": null,
            "signing_job_arn": "",
            "signing_profile_version_arn": "",
            "skip_destroy": false,
            "snap_start": [],
            "source_code_hash": "UG/yNI2O3DGuvBeejNCP5zaLYQI01rOMAcy77kmaHfQ=",
            "source_code_size": 2776,
            "tags": {
              "Environment": "local",
              "Name": "aws-data-pipeline-transformer",
              "Purpose": "Cleans, transforms and streams validated data"
            },
            "tags_all": {
              "Environment": "local",
              "Name": "aws-data-pipeline-transformer",
              "Purpose": "Cleans, transforms and streams validated data"
            },
            "timeout": 30,
            "timeouts": null,
            "tracing_config": [
              {
                "mode": "PassThrough"
              }
            ],
            "version": "$LATEST",
            "vpc_config": []
          },
          "sensitive_attributes": [],
          "identity_schema_version": 0,
          "private": "eyJlMmJmYjczMC1lY2FhLTExZTYtOGY4OC0zNDM2M2JjN2M0YzAiOnsiY3JlYXRlIjo2MDAwMDAwMDAwMDAsImRlbGV0ZSI6NjAwMDAwMDAwMDAwLCJ1cGRhdGUiOjYwMDAwMDAwMDAwMH19",
          "dependencies": [
            "aws_dynamodb_table.pipeline_tracking",
            "aws_iam_role.lambda_exec",
            "data.archive_file.transformer_zip"
          ]
        }
      ]
    },
    {
      "mode": "managed",
      "type": "aws_lambda_function",
      "name": "validator",
      "provider": "provider[\"registry.terraform.io/hashicorp/aws\"]",
      "instances": [
        {
          "schema_version": 0,
          "attributes": {
            "architectures": [
              "x86_64"
            ],
            "arn": "arn:aws:lambda:us-east-1:000000000000:function:aws-data-pipeline-validator",
            "code_sha256": "9LIgIW3TCd0ZABV7BJ6D54z+Kyus7WFIUZpiThfW7Xc=",
            "code_signing_config_arn": "",
            "dead_letter_config": [],
            "description": "",
            "environment": [
              {
                "variables": {
                  "AWS_ENDPOINT_URL": "http://172.17.0.2:4566",
                  "TRACKING_TABLE": "aws-data-pipeline-tracking"
                }
              }
            ],
            "ephemeral_storage": [
              {
                "size": 512
              }
            ],
            "file_system_config": [],
            "filename": "./../lambdas/validator/validator.zip",
            "function_name": "aws-data-pipeline-validator",
            "handler": "handler.lambda_handler",
            "id": "aws-data-pipeline-validator",
            "image_config": [],
            "image_uri": "",
            "invoke_arn": "arn:aws:apigateway:us-east-1:lambda:path/2015-03-31/functions/arn:aws:lambda:us-east-1:000000000000:function:aws-data-pipeline-validator/invocations",
            "kms_key_arn": "",
            "last_modified": "2026-03-15T10:47:44.239222+0000",
            "layers": null,
            "logging_config": [
              {
                "application_log_level": "",
                "log_format": "Text",
                "log_group": "/aws/lambda/aws-data-pipeline-validator",
                "system_log_level": ""
              }
            ],
            "memory_size": 128,
            "package_type": "Zip",
            "publish": false,
            "qualified_arn": "arn:aws:lambda:us-east-1:000000000000:function:aws-data-pipeline-validator:$LATEST",
            "qualified_invoke_arn": "arn:aws:apigateway:us-east-1:lambda:path/2015-03-31/functions/arn:aws:lambda:us-east-1:000000000000:function:aws-data-pipeline-validator:$LATEST/invocations",
            "replace_security_groups_on_destroy": null,
            "replacement_security_group_ids": null,
            "reserved_concurrent_executions": -1,
            "role": "arn:aws:iam::000000000000:role/aws-data-pipeline-lambda-exec-role",
            "runtime": "python3.9",
            "s3_bucket": null,
            "s3_key": null,
            "s3_object_version": null,
            "signing_job_arn": "",
            "signing_profile_version_arn": "",
            "skip_destroy": false,
            "snap_start": [],
            "source_code_hash": "9LIgIW3TCd0ZABV7BJ6D54z+Kyus7WFIUZpiThfW7Xc=",
            "source_code_size": 2119,
            "tags": {
              "Environment": "local",
              "Name": "aws-data-pipeline-validator",
              "Purpose": "Validates incoming CSV files before processing"
            },
            "tags_all": {
              "Environment": "local",
              "Name": "aws-data-pipeline-validator",
              "Purpose": "Validates incoming CSV files before processing"
            },
            "timeout": 30,
            "timeouts": null,
            "tracing_config": [
              {
                "mode": "PassThrough"
              }
            ],
            "version": "$LATEST",
            "vpc_config": []
          },
          "sensitive_attributes": [],
          "identity_schema_version": 0,
          "private": "eyJlMmJmYjczMC1lY2FhLTExZTYtOGY4OC0zNDM2M2JjN2M0YzAiOnsiY3JlYXRlIjo2MDAwMDAwMDAwMDAsImRlbGV0ZSI6NjAwMDAwMDAwMDAwLCJ1cGRhdGUiOjYwMDAwMDAwMDAwMH19",
          "dependencies": [
            "aws_dynamodb_table.pipeline_tracking",
            "aws_iam_role.lambda_exec",
            "data.archive_file.validator_zip"
          ]
        }
      ]
    },
    {
      "mode": "managed",
      "type": "aws_redshift_cluster",
      "name": "pipeline_redshift",
      "provider": "provider[\"registry.terraform.io/hashicorp/aws\"]",
      "instances": [
        {
          "status": "tainted",
          "schema_version": 0,
          "attributes": {
            "allow_version_upgrade": true,
            "apply_immediately": false,
            "aqua_configuration_status": null,
            "arn": null,
            "automated_snapshot_retention_period": 1,
            "availability_zone": null,
            "availability_zone_relocation_enabled": false,
            "cluster_identifier": "aws-data-pipeline-redshift",
            "cluster_namespace_arn": null,
            "cluster_nodes": null,
            "cluster_parameter_group_name": null,
            "cluster_public_key": null,
            "cluster_revision_number": null,
            "cluster_subnet_group_name": null,
            "cluster_type": "single-node",
            "cluster_version": "1.0",
            "database_name": "pipeline_db",
            "default_iam_role_arn": null,
            "dns_name": null,
            "elastic_ip": null,
            "encrypted": false,
            "endpoint": null,
            "enhanced_vpc_routing": null,
            "final_snapshot_identifier": null,
            "iam_roles": [],
            "id": "aws-data-pipeline-redshift",
            "kms_key_id": null,
            "logging": null,
            "maintenance_track_name": "current",
            "manage_master_password": null,
            "manual_snapshot_retention_period": -1,
            "master_password": "Admin1234!",
            "master_password_secret_arn": null,
            "master_password_secret_kms_key_id": null,
            "master_password_wo": null,
            "master_password_wo_version": null,
            "master_username": "admin",
            "multi_az": false,
            "node_type": "dc2.large",
            "number_of_nodes": 1,
            "owner_account": null,
            "port": 5439,
            "preferred_maintenance_window": null,
            "publicly_accessible": true,
            "skip_final_snapshot": true,
            "snapshot_arn": null,
            "snapshot_cluster_identifier": null,
            "snapshot_copy": null,
            "snapshot_identifier": null,
            "tags": {
              "Environment": "local",
              "Name": "aws-data-pipeline-redshift",
              "Purpose": "Data warehouse for SQL analytics on processed pipeline data"
            },
            "tags_all": {
              "Environment": "local",
              "Name": "aws-data-pipeline-redshift",
              "Purpose": "Data warehouse for SQL analytics on processed pipeline data"
            },
            "timeouts": null,
            "vpc_security_group_ids": []
          },
          "sensitive_attributes": [
            [
              {
                "type": "get_attr",
                "value": "master_password"
              }
            ],
            [
              {
                "type": "get_attr",
                "value": "master_password_wo"
              }
            ]
          ],
          "identity_schema_version": 0,
          "private": "eyJlMmJmYjczMC1lY2FhLTExZTYtOGY4OC0zNDM2M2JjN2M0YzAiOnsiY3JlYXRlIjo0NTAwMDAwMDAwMDAwLCJkZWxldGUiOjI0MDAwMDAwMDAwMDAsInVwZGF0ZSI6NDUwMDAwMDAwMDAwMH19"
        }
      ]
    },
    {
      "mode": "managed",
      "type": "aws_s3_bucket",
      "name": "processed",
      "provider": "provider[\"registry.terraform.io/hashicorp/aws\"]",
      "instances": [
        {
          "schema_version": 0,
          "attributes": {
            "acceleration_status": "",
            "acl": null,
            "arn": "arn:aws:s3:::aws-data-pipeline-processed-data",
            "bucket": "aws-data-pipeline-processed-data",
            "bucket_domain_name": "aws-data-pipeline-processed-data.s3.amazonaws.com",
            "bucket_prefix": "",
            "bucket_regional_domain_name": "aws-data-pipeline-processed-data.s3.us-east-1.amazonaws.com",
            "cors_rule": [],
            "force_destroy": false,
            "grant": [
              {
                "id": "75aa57f09aa0c8caeab4f8c24e99d10f8e7faeebf76c078efc7c6caea54ba06a",
                "permissions": [
                  "FULL_CONTROL"
                ],
                "type": "CanonicalUser",
                "uri": ""
              }
            ],
            "hosted_zone_id": "Z3AQBSTGFYJSTF",
            "id": "aws-data-pipeline-processed-data",
            "lifecycle_rule": [],
            "logging": [],
            "object_lock_configuration": [],
            "object_lock_enabled": false,
            "policy": "",
            "region": "us-east-1",
            "replication_configuration": [],
            "request_payer": "BucketOwner",
            "server_side_encryption_configuration": [
              {
                "rule": [
                  {
                    "apply_server_side_encryption_by_default": [
                      {
                        "kms_master_key_id": "",
                        "sse_algorithm": "AES256"
                      }
                    ],
                    "bucket_key_enabled": false
                  }
                ]
              }
            ],
            "tags": {
              "Environment": "local",
              "Name": "aws-data-pipeline-processed-data",
              "Purpose": "Stores cleaned and transformed data"
            },
            "tags_all": {
              "Environment": "local",
              "Name": "aws-data-pipeline-processed-data",
              "Purpose": "Stores cleaned and transformed data"
            },
            "timeouts": null,
            "versioning": [
              {
                "enabled": false,
                "mfa_delete": false
              }
            ],
            "website": [],
            "website_domain": null,
            "website_endpoint": null
          },
          "sensitive_attributes": [],
          "identity_schema_version": 0,
          "private": "eyJlMmJmYjczMC1lY2FhLTExZTYtOGY4OC0zNDM2M2JjN2M0YzAiOnsiY3JlYXRlIjoxMjAwMDAwMDAwMDAwLCJkZWxldGUiOjM2MDAwMDAwMDAwMDAsInJlYWQiOjEyMDAwMDAwMDAwMDAsInVwZGF0ZSI6MTIwMDAwMDAwMDAwMH19"
        }
      ]
    },
    {
      "mode": "managed",
      "type": "aws_s3_bucket",
      "name": "raw",
      "provider": "provider[\"registry.terraform.io/hashicorp/aws\"]",
      "instances": [
        {
          "schema_version": 0,
          "attributes": {
            "acceleration_status": "",
            "acl": null,
            "arn": "arn:aws:s3:::aws-data-pipeline-raw-data",
            "bucket": "aws-data-pipeline-raw-data",
            "bucket_domain_name": "aws-data-pipeline-raw-data.s3.amazonaws.com",
            "bucket_prefix": "",
            "bucket_regional_domain_name": "aws-data-pipeline-raw-data.s3.us-east-1.amazonaws.com",
            "cors_rule": [],
            "force_destroy": false,
            "grant": [
              {
                "id": "75aa57f09aa0c8caeab4f8c24e99d10f8e7faeebf76c078efc7c6caea54ba06a",
                "permissions": [
                  "FULL_CONTROL"
                ],
                "type": "CanonicalUser",
                "uri": ""
              }
            ],
            "hosted_zone_id": "Z3AQBSTGFYJSTF",
            "id": "aws-data-pipeline-raw-data",
            "lifecycle_rule": [],
            "logging": [],
            "object_lock_configuration": [],
            "object_lock_enabled": false,
            "policy": "",
            "region": "us-east-1",
            "replication_configuration": [],
            "request_payer": "BucketOwner",
            "server_side_encryption_configuration": [
              {
                "rule": [
                  {
                    "apply_server_side_encryption_by_default": [
                      {
                        "kms_master_key_id": "",
                        "sse_algorithm": "AES256"
                      }
                    ],
                    "bucket_key_enabled": false
                  }
                ]
              }
            ],
            "tags": {
              "Environment": "local",
              "Name": "aws-data-pipeline-raw-data",
              "Purpose": "Landing zone for incoming raw data"
            },
            "tags_all": {
              "Environment": "local",
              "Name": "aws-data-pipeline-raw-data",
              "Purpose": "Landing zone for incoming raw data"
            },
            "timeouts": null,
            "versioning": [
              {
                "enabled": false,
                "mfa_delete": false
              }
            ],
            "website": [],
            "website_domain": null,
            "website_endpoint": null
          },
          "sensitive_attributes": [],
          "identity_schema_version": 0,
          "private": "eyJlMmJmYjczMC1lY2FhLTExZTYtOGY4OC0zNDM2M2JjN2M0YzAiOnsiY3JlYXRlIjoxMjAwMDAwMDAwMDAwLCJkZWxldGUiOjM2MDAwMDAwMDAwMDAsInJlYWQiOjEyMDAwMDAwMDAwMDAsInVwZGF0ZSI6MTIwMDAwMDAwMDAwMH19"
        }
      ]
    },
    {
      "mode": "managed",
      "type": "aws_s3_bucket_notification",
      "name": "raw_upload_trigger",
      "provider": "provider[\"registry.terraform.io/hashicorp/aws\"]",
      "instances": [
        {
          "schema_version": 0,
          "attributes": {
            "bucket": "aws-data-pipeline-raw-data",
            "eventbridge": true,
            "id": "aws-data-pipeline-raw-data",
            "lambda_function": [],
            "queue": [],
            "topic": []
          },
          "sensitive_attributes": [],
          "identity_schema_version": 0,
          "private": "bnVsbA==",
          "dependencies": [
            "aws_s3_bucket.raw"
          ]
        }
      ]
    },
    {
      "mode": "managed",
      "type": "aws_s3_bucket_public_access_block",
      "name": "processed",
      "provider": "provider[\"registry.terraform.io/hashicorp/aws\"]",
      "instances": [
        {
          "schema_version": 0,
          "attributes": {
            "block_public_acls": true,
            "block_public_policy": true,
            "bucket": "aws-data-pipeline-processed-data",
            "id": "aws-data-pipeline-processed-data",
            "ignore_public_acls": true,
            "restrict_public_buckets": true
          },
          "sensitive_attributes": [],
          "identity_schema_version": 0,
          "private": "bnVsbA==",
          "dependencies": [
            "aws_s3_bucket.processed"
          ]
        }
      ]
    },
    {
      "mode": "managed",
      "type": "aws_s3_bucket_public_access_block",
      "name": "raw",
      "provider": "provider[\"registry.terraform.io/hashicorp/aws\"]",
      "instances": [
        {
          "schema_version": 0,
          "attributes": {
            "block_public_acls": true,
            "block_public_policy": true,
            "bucket": "aws-data-pipeline-raw-data",
            "id": "aws-data-pipeline-raw-data",
            "ignore_public_acls": true,
            "restrict_public_buckets": true
          },
          "sensitive_attributes": [],
          "identity_schema_version": 0,
          "private": "bnVsbA==",
          "dependencies": [
            "aws_s3_bucket.raw"
          ]
        }
      ]
    },
    {
      "mode": "managed",
      "type": "aws_s3_bucket_versioning",
      "name": "processed",
      "provider": "provider[\"registry.terraform.io/hashicorp/aws\"]",
      "instances": [
        {
          "schema_version": 0,
          "attributes": {
            "bucket": "aws-data-pipeline-processed-data",
            "expected_bucket_owner": "",
            "id": "aws-data-pipeline-processed-data",
            "mfa": null,
            "versioning_configuration": [
              {
                "mfa_delete": "",
                "status": "Enabled"
              }
            ]
          },
          "sensitive_attributes": [],
          "identity_schema_version": 0,
          "private": "bnVsbA==",
          "dependencies": [
            "aws_s3_bucket.processed"
          ]
        }
      ]
    },
    {
      "mode": "managed",
      "type": "aws_s3_bucket_versioning",
      "name": "raw",
      "provider": "provider[\"registry.terraform.io/hashicorp/aws\"]",
      "instances": [
        {
          "schema_version": 0,
          "attributes": {
            "bucket": "aws-data-pipeline-raw-data",
            "expected_bucket_owner": "",
            "id": "aws-data-pipeline-raw-data",
            "mfa": null,
            "versioning_configuration": [
              {
                "mfa_delete": "",
                "status": "Enabled"
              }
            ]
          },
          "sensitive_attributes": [],
          "identity_schema_version": 0,
          "private": "bnVsbA==",
          "dependencies": [
            "aws_s3_bucket.raw"
          ]
        }
      ]
    },
    {
      "mode": "managed",
      "type": "aws_sfn_state_machine",
      "name": "pipeline",
      "provider": "provider[\"registry.terraform.io/hashicorp/aws\"]",
      "instances": [
        {
          "schema_version": 0,
          "attributes": {
            "arn": "arn:aws:states:us-east-1:000000000000:stateMachine:aws-data-pipeline-state-machine",
            "creation_date": "2026-03-15T10:50:17Z",
            "definition": "{\"Comment\":\"AWS Data Pipeline: Validate → Transform\",\"StartAt\":\"Validate\",\"States\":{\"FailState\":{\"Cause\":\"Pipeline execution failed\",\"Error\":\"PipelineError\",\"Type\":\"Fail\"},\"SuccessState\":{\"Type\":\"Succeed\"},\"Transform\":{\"Catch\":[{\"ErrorEquals\":[\"States.ALL\"],\"Next\":\"FailState\",\"ResultPath\":\"$.error\"}],\"Next\":\"SuccessState\",\"Parameters\":{\"FunctionName\":\"aws-data-pipeline-transformer\",\"Payload\":{\"bucket.$\":\"$.bucket\",\"key.$\":\"$.key\",\"record_count.$\":\"$.record_count\",\"run_id.$\":\"$.run_id\"}},\"Resource\":\"arn:aws:states:::lambda:invoke\",\"ResultPath\":\"$\",\"ResultSelector\":{\"output_record_count.$\":\"$.Payload.output_record_count\",\"processed_key.$\":\"$.Payload.processed_key\",\"run_id.$\":\"$.Payload.run_id\",\"status.$\":\"$.Payload.status\"},\"Type\":\"Task\"},\"Validate\":{\"Catch\":[{\"ErrorEquals\":[\"States.ALL\"],\"Next\":\"FailState\",\"ResultPath\":\"$.error\"}],\"Next\":\"Transform\",\"Parameters\":{\"FunctionName\":\"aws-data-pipeline-validator\",\"Payload\":{\"bucket.$\":\"$.bucket\",\"key.$\":\"$.key\"}},\"Resource\":\"arn:aws:states:::lambda:invoke\",\"ResultPath\":\"$\",\"ResultSelector\":{\"bucket.$\":\"$.Payload.bucket\",\"key.$\":\"$.Payload.key\",\"record_count.$\":\"$.Payload.record_count\",\"run_id.$\":\"$.Payload.run_id\",\"status.$\":\"$.Payload.status\"},\"Type\":\"Task\"}}}",
            "description": "",
            "encryption_configuration": [],
            "id": "arn:aws:states:us-east-1:000000000000:stateMachine:aws-data-pipeline-state-machine",
            "logging_configuration": [
              {
                "include_execution_data": false,
                "level": "OFF",
                "log_destination": ""
              }
            ],
            "name": "aws-data-pipeline-state-machine",
            "name_prefix": "",
            "publish": false,
            "revision_id": "",
            "role_arn": "arn:aws:iam::000000000000:role/aws-data-pipeline-sfn-exec-role",
            "state_machine_version_arn": "",
            "status": "ACTIVE",
            "tags": {
              "Environment": "local",
              "Name": "aws-data-pipeline-state-machine",
              "Purpose": "Orchestrates Validator and Transformer Lambdas"
            },
            "tags_all": {
              "Environment": "local",
              "Name": "aws-data-pipeline-state-machine",
              "Purpose": "Orchestrates Validator and Transformer Lambdas"
            },
            "timeouts": null,
            "tracing_configuration": [],
            "type": "STANDARD",
            "version_description": null
          },
          "sensitive_attributes": [],
          "identity_schema_version": 0,
          "private": "eyJlMmJmYjczMC1lY2FhLTExZTYtOGY4OC0zNDM2M2JjN2M0YzAiOnsiY3JlYXRlIjozMDAwMDAwMDAwMDAsImRlbGV0ZSI6MzAwMDAwMDAwMDAwLCJ1cGRhdGUiOjYwMDAwMDAwMDAwfX0=",
          "dependencies": [
            "aws_dynamodb_table.pipeline_tracking",
            "aws_iam_role.lambda_exec",
            "aws_iam_role.sfn_exec",
            "aws_lambda_function.transformer",
            "aws_lambda_function.validator",
            "data.archive_file.transformer_zip",
            "data.archive_file.validator_zip"
          ]
        }
      ]
    }
  ],
  "check_results": null
}
